
Microsoft Visual Studio Solution File, Format Version 12.00
Project("{FAE04EC0-301F-11D3-BF4B-00C04F79EFBC}") = "Kumi.Game", "Kumi.Game\Kumi.Game.csproj", "{4DC435A0-CE5D-4652-B0DD-C5C8CC83375C}"
EndProject
Project("{FAE04EC0-301F-11D3-BF4B-00C04F79EFBC}") = "Kumi.Desktop", "Kumi.Desktop\Kumi.Desktop.csproj", "{579E5090-AB21-49A2-ABD4-A52B5D9C2A24}"
EndProject
Project("{2150E333-8FDC-42A3-9474-1A3956D46DE8}") = "Solution Items", "Solution Items", "{37A67F26-147D-41A2-89E8-21D717F5DA51}"
	ProjectSection(SolutionItems) = preProject
		.gitignore = .gitignore
		app.manifest = app.manifest
		Directory.Build.Props = Directory.Build.Props
	EndProjectSection
EndProject
Project("{FAE04EC0-301F-11D3-BF4B-00C04F79EFBC}") = "Kumi.Resources", "Kumi.Resources\Kumi.Resources.csproj", "{D3685D3B-3097-4D9D-A1AE-4EFF1E96D943}"
EndProject
Project("{FAE04EC0-301F-11D3-BF4B-00C04F79EFBC}") = "Kumi.Tests", "Kumi.Tests\Kumi.Tests.csproj", "{9925D022-0C0A-492C-A899-7FCA04A17A3B}"
EndProject
Global
	GlobalSection(SolutionConfigurationPlatforms) = preSolution
		Debug|Any CPU = Debug|Any CPU
		Release|Any CPU = Release|Any CPU
	EndGlobalSection
	GlobalSection(ProjectConfigurationPlatforms) = postSolution
		{4DC435A0-CE5D-4652-B0DD-C5C8CC83375C}.Debug|Any CPU.ActiveCfg = Debug|Any CPU
		{4DC435A0-CE5D-4652-B0DD-C5C8CC83375C}.Debug|Any CPU.Build.0 = Debug|Any CPU
		{4DC435A0-CE5D-4652-B0DD-C5C8CC83375C}.Release|Any CPU.ActiveCfg = Release|Any CPU
		{4DC435A0-CE5D-4652-B0DD-C5C8CC83375C}.Release|Any CPU.Build.0 = Release|Any CPU
		{579E5090-AB21-49A2-ABD4-A52B5D9C2A24}.Debug|Any CPU.ActiveCfg = Debug|Any CPU
		{579E5090-AB21-49A2-ABD4-A52B5D9C2A24}.Debug|Any CPU.Build.0 = Debug|Any CPU
		{579E5090-AB21-49A2-ABD4-A52B5D9C2A24}.Release|Any CPU.ActiveCfg = Release|Any CPU
		{579E5090-AB21-49A2-ABD4-A52B5D9C2A24}.Release|Any CPU.Build.0 = Release|Any CPU
		{D3685D3B-3097-4D9D-A1AE-4EFF1E96D943}.Debug|Any CPU.ActiveCfg = Debug|Any CPU
		{D3685D3B-3097-4D9D-A1AE-4EFF1E96D943}.Debug|Any CPU.Build.0 = Debug|Any CPU
		{D3685D3B-3097-4D9D-A1AE-4EFF1E96D943}.Release|Any CPU.ActiveCfg = Release|Any CPU
		{D3685D3B-3097-4D9D-A1AE-4EFF1E96D943}.Release|Any CPU.Build.0 = Release|Any CPU
		{9925D022-0C0A-492C-A899-7FCA04A17A3B}.Debug|Any CPU.ActiveCfg = Debug|Any CPU
		{9925D022-0C0A-492C-A899-7FCA04A17A3B}.Debug|Any CPU.Build.0 = Debug|Any CPU
		{9925D022-0C0A-492C-A899-7FCA04A17A3B}.Release|Any CPU.ActiveCfg = Release|Any CPU
		{9925D022-0C0A-492C-A899-7FCA04A17A3B}.Release|Any CPU.Build.0 = Release|Any CPU
	EndGlobalSection
EndGlobal
